
Microsoft Visual Studio Solution File, Format Version 12.00
# Visual Studio Version 16
VisualStudioVersion = 16.0.33920.266
MinimumVisualStudioVersion = 10.0.40219.1
Project("{FAE04EC0-301F-11D3-BF4B-00C04F79EFBC}") = "DTO", "DTO\DTO.csproj", "{7FB2A575-B223-4AEE-8DB0-F9957E84C05E}"
EndProject
Project("{FAE04EC0-301F-11D3-BF4B-00C04F79EFBC}") = "DAL", "DAL\DAL.csproj", "{0FE626FC-5E94-48AD-8E99-E369A2197C93}"
EndProject
Project("{FAE04EC0-301F-11D3-BF4B-00C04F79EFBC}") = "BLL", "BLL\BLL.csproj", "{3501BDA9-F73F-49A9-99C9-93119266E477}"
EndProject
Project("{FAE04EC0-301F-11D3-BF4B-00C04F79EFBC}") = "GUI", "GUI\GUI.csproj", "{DF662769-606E-4156-B728-F51F212EB5AF}"
EndProject
Global
	GlobalSection(SolutionConfigurationPlatforms) = preSolution
		Debug|Any CPU = Debug|Any CPU
		Release|Any CPU = Release|Any CPU
	EndGlobalSection
	GlobalSection(ProjectConfigurationPlatforms) = postSolution
		{7FB2A575-B223-4AEE-8DB0-F9957E84C05E}.Debug|Any CPU.ActiveCfg = Debug|Any CPU
		{7FB2A575-B223-4AEE-8DB0-F9957E84C05E}.Debug|Any CPU.Build.0 = Debug|Any CPU
		{7FB2A575-B223-4AEE-8DB0-F9957E84C05E}.Release|Any CPU.ActiveCfg = Release|Any CPU
		{7FB2A575-B223-4AEE-8DB0-F9957E84C05E}.Release|Any CPU.Build.0 = Release|Any CPU
		{0FE626FC-5E94-48AD-8E99-E369A2197C93}.Debug|Any CPU.ActiveCfg = Debug|Any CPU
		{0FE626FC-5E94-48AD-8E99-E369A2197C93}.Debug|Any CPU.Build.0 = Debug|Any CPU
		{0FE626FC-5E94-48AD-8E99-E369A2197C93}.Release|Any CPU.ActiveCfg = Release|Any CPU
		{0FE626FC-5E94-48AD-8E99-E369A2197C93}.Release|Any CPU.Build.0 = Release|Any CPU
		{3501BDA9-F73F-49A9-99C9-93119266E477}.Debug|Any CPU.ActiveCfg = Debug|Any CPU
		{3501BDA9-F73F-49A9-99C9-93119266E477}.Debug|Any CPU.Build.0 = Debug|Any CPU
		{3501BDA9-F73F-49A9-99C9-93119266E477}.Release|Any CPU.ActiveCfg = Release|Any CPU
		{3501BDA9-F73F-49A9-99C9-93119266E477}.Release|Any CPU.Build.0 = Release|Any CPU
		{DF662769-606E-4156-B728-F51F212EB5AF}.Debug|Any CPU.ActiveCfg = Debug|Any CPU
		{DF662769-606E-4156-B728-F51F212EB5AF}.Debug|Any CPU.Build.0 = Debug|Any CPU
		{DF662769-606E-4156-B728-F51F212EB5AF}.Release|Any CPU.ActiveCfg = Release|Any CPU
		{DF662769-606E-4156-B728-F51F212EB5AF}.Release|Any CPU.Build.0 = Release|Any CPU
	EndGlobalSection
	GlobalSection(SolutionProperties) = preSolution
		HideSolutionNode = FALSE
	EndGlobalSection
	GlobalSection(ExtensibilityGlobals) = postSolution
		SolutionGuid = {3274551C-0B20-4D42-B829-DFBC89CE913C}
	EndGlobalSection
EndGlobal
